
Microsoft Visual Studio Solution File, Format Version 12.00
# Visual Studio 15
VisualStudioVersion = 15.0.28010.2046
MinimumVisualStudioVersion = 10.0.40219.1
Project("{FAE04EC0-301F-11D3-BF4B-00C04F79EFBC}") = "Triangles", "Triangles\Triangles.csproj", "{D29FF5C0-10CB-4841-AAC6-55FCDC399638}"
EndProject
Project("{FAE04EC0-301F-11D3-BF4B-00C04F79EFBC}") = "Triangles.Tests", "Triangles.Tests\Triangles.Tests.csproj", "{8BD83ACD-B92C-4A2D-91CE-8FC0AA06DDE5}"
EndProject
Global
	GlobalSection(SolutionConfigurationPlatforms) = preSolution
		Debug|Any CPU = Debug|Any CPU
		Release|Any CPU = Release|Any CPU
	EndGlobalSection
	GlobalSection(ProjectConfigurationPlatforms) = postSolution
		{D29FF5C0-10CB-4841-AAC6-55FCDC399638}.Debug|Any CPU.ActiveCfg = Debug|Any CPU
		{D29FF5C0-10CB-4841-AAC6-55FCDC399638}.Debug|Any CPU.Build.0 = Debug|Any CPU
		{D29FF5C0-10CB-4841-AAC6-55FCDC399638}.Release|Any CPU.ActiveCfg = Release|Any CPU
		{D29FF5C0-10CB-4841-AAC6-55FCDC399638}.Release|Any CPU.Build.0 = Release|Any CPU
		{8BD83ACD-B92C-4A2D-91CE-8FC0AA06DDE5}.Debug|Any CPU.ActiveCfg = Debug|Any CPU
		{8BD83ACD-B92C-4A2D-91CE-8FC0AA06DDE5}.Debug|Any CPU.Build.0 = Debug|Any CPU
		{8BD83ACD-B92C-4A2D-91CE-8FC0AA06DDE5}.Release|Any CPU.ActiveCfg = Release|Any CPU
		{8BD83ACD-B92C-4A2D-91CE-8FC0AA06DDE5}.Release|Any CPU.Build.0 = Release|Any CPU
	EndGlobalSection
	GlobalSection(SolutionProperties) = preSolution
		HideSolutionNode = FALSE
	EndGlobalSection
	GlobalSection(ExtensibilityGlobals) = postSolution
		SolutionGuid = {75E2971B-687F-47AF-B8EE-3B1128120FE0}
	EndGlobalSection
EndGlobal
